title: 'Layered Block'
fields:
  -
    handle: layered_title
    field:
      input_type: text
      type: text
      instructions: 'Bold yellow text'
      listable: hidden
      display: Title
      width: 50
  -
    handle: you_us
    field:
      options:
        'null': Select
        you: You
        us: Us
        step: Steps
      clearable: false
      multiple: false
      searchable: false
      taggable: false
      push_tags: false
      cast_booleans: false
      type: select
      instructions: 'Do you want to show the you or us from the service?'
      listable: true
      display: You/Us
      validate:
        - required
      width: 50
  -
    handle: show_link
    field:
      type: toggle
      instructions: 'DO you want to show links to the services?'
      listable: hidden
      display: 'Show Link'
      width: 50
      instructions_position: above
      default: false
  -
    handle: require_count
    field:
      default: true
      display: 'Require Count'
      type: toggle
      icon: toggle
      instructions: 'Do you need to count up the items in the Stepper, should be off for about page. Appears before the Title.'
      listable: hidden
      instructions_position: above
      validate:
        - required
      width: 50
  -
    handle: layered_content
    field:
      type: textarea
      listable: hidden
      display: Content
  -
    handle: small_title
    field:
      input_type: text
      antlers: false
      display: 'You Title'
      type: text
      icon: text
      instructions: 'This will display on the home page if "You" is selected.'
      listable: hidden
      instructions_position: above
  -
    handle: you_tagline
    field:
      input_type: text
      antlers: false
      display: 'You Tagline'
      type: text
      icon: text
      instructions: 'This will show on the home page when you select "You"'
      listable: hidden
      instructions_position: above
